{"is_source_file": true, "file_id": 38, "git_revision": "0541b1222e9bc00ca242100ea38d0c40e9b37ff5", "state": 1, "description": "", "external_files": [], "external_methods": [], "published": [], "classes": [], "methods": [], "calls": [], "search-terms": [], "hash": "e9b4c3b42cef0193b7fddb548d37e652", "format-version": 4, "code-base-name": "default", "filename": "karaoke_app/post_process_status.lock", "knowledge_revision": 83}